// !$*UTF8*$!
{
	archiveVersion = 1;
	classes = {
	};
	objectVersion = 46;
	objects = {

/* Begin PBXBuildFile section */
		F64613681E542BF0000373B1 /* AppDelegate.swift in Sources */ = {isa = PBXBuildFile; fileRef = F64613671E542BF0000373B1 /* AppDelegate.swift */; };
		F646136A1E542BF0000373B1 /* ViewController.swift in Sources */ = {isa = PBXBuildFile; fileRef = F64613691E542BF0000373B1 /* ViewController.swift */; };
		F646136D1E542BF0000373B1 /* Main.storyboard in Resources */ = {isa = PBXBuildFile; fileRef = F646136B1E542BF0000373B1 /* Main.storyboard */; };
		F646136F1E542BF0000373B1 /* Assets.xcassets in Resources */ = {isa = PBXBuildFile; fileRef = F646136E1E542BF0000373B1 /* Assets.xcassets */; };
		F64613721E542BF0000373B1 /* LaunchScreen.storyboard in Resources */ = {isa = PBXBuildFile; fileRef = F64613701E542BF0000373B1 /* LaunchScreen.storyboard */; };
/* End PBXBuildFile section */

/* Begin PBXFileReference section */
		F64613641E542BF0000373B1 /* AVFoundationCamera.app */ = {isa = PBXFileReference; explicitFileType = wrapper.application; includeInIndex = 0; path = AVFoundationCamera.app; sourceTree = BUILT_PRODUCTS_DIR; };
		F64613671E542BF0000373B1 /* AppDelegate.swift */ = {isa = PBXFileReference; lastKnownFileType = sourcecode.swift; path = AppDelegate.swift; sourceTree = "<group>"; };
		F64613691E542BF0000373B1 /* ViewController.swift */ = {isa = PBXFileReference; lastKnownFileType = sourcecode.swift; path = ViewController.swift; sourceTree = "<group>"; };
		F646136C1E542BF0000373B1 /* Base */ = {isa = PBXFileReference; lastKnownFileType = file.storyboard; name = Base; path = Base.lproj/Main.storyboard; sourceTree = "<group>"; };
		F646136E1E542BF0000373B1 /* Assets.xcassets */ = {isa = PBXFileReference; lastKnownFileType = folder.assetcatalog; path = Assets.xcassets; sourceTree = "<group>"; };
		F64613711E542BF0000373B1 /* Base */ = {isa = PBXFileReference; lastKnownFileType = file.storyboard; name = Base; path = Base.lproj/LaunchScreen.storyboard; sourceTree = "<group>"; };
		F64613731E542BF0000373B1 /* Info.plist */ = {isa = PBXFileReference; lastKnownFileType = text.plist.xml; path = Info.plist; sourceTree = "<group>"; };
/* End PBXFileReference section */

/* Begin PBXFrameworksBuildPhase section */
		F64613611E542BF0000373B1 /* Frameworks */ = {
			isa = PBXFrameworksBuildPhase;
			buildActionMask = 2147483647;
			files = (
			);
			runOnlyForDeploymentPostprocessing = 0;
		};
/* End PBXFrameworksBuildPhase section */

/* Begin PBXGroup section */
		F646135B1E542BEF000373B1 = {
			isa = PBXGroup;
			children = (
				F64613661E542BF0000373B1 /* AVFoundationCamera */,
				F64613651E542BF0000373B1 /* Products */,
			);
			sourceTree = "<group>";
		};
		F64613651E542BF0000373B1 /* Products */ = {
			isa = PBXGroup;
			children = (
				F64613641E542BF0000373B1 /* AVFoundationCamera.app */,
			);
			name = Products;
			sourceTree = "<group>";
		};
		F64613661E542BF0000373B1 /* AVFoundationCamera */ = {
			isa = PBXGroup;
			children = (
				F64613671E542BF0000373B1 /* AppDelegate.swift */,
				F64613691E542BF0000373B1 /* ViewController.swift */,
				F646136B1E542BF0000373B1 /* Main.storyboard */,
				F646136E1E542BF0000373B1 /* Assets.xcassets */,
				F64613701E542BF0000373B1 /* LaunchScreen.storyboard */,
				F64613731E542BF0000373B1 /* Info.plist */,
			);
			path = AVFoundationCamera;
			sourceTree = "<group>";
		};
/* End PBXGroup section */

/* Begin PBXNativeTarget section */
		F64613631E542BF0000373B1 /* AVFoundationCamera */ = {
			isa = PBXNativeTarget;
			buildConfigurationList = F64613761E542BF0000373B1 /* Build configuration list for PBXNativeTarget "AVFoundationCamera" */;
			buildPhases = (
				F64613601E542BF0000373B1 /* Sources */,
				F64613611E542BF0000373B1 /* Frameworks */,
				F64613621E542BF0000373B1 /* Resources */,
			);
			buildRules = (
			);
			dependencies = (
			);
			name = AVFoundationCamera;
			productName = AVFoundationCamera;
			productReference = F64613641E542BF0000373B1 /* AVFoundationCamera.app */;
			productType = "com.apple.product-type.application";
		};
/* End PBXNativeTarget section */

/* Begin PBXProject section */
		F646135C1E542BEF000373B1 /* Project object */ = {
			isa = PBXProject;
			attributes = {
				LastSwiftUpdateCheck = 0820;
				LastUpgradeCheck = 0820;
				ORGANIZATIONNAME = choice;
				TargetAttributes = {
					F64613631E542BF0000373B1 = {
						CreatedOnToolsVersion = 8.2.1;
						DevelopmentTeam = B4H68AX2CQ;
						ProvisioningStyle = Automatic;
					};
				};
			};
			buildConfigurationList = F646135F1E542BEF000373B1 /* Build configuration list for PBXProject "AVFoundationCamera" */;
			compatibilityVersion = "Xcode 3.2";
			developmentRegion = English;
			hasScannedForEncodings = 0;
			knownRegions = (
				en,
				Base,
			);
			mainGroup = F646135B1E542BEF000373B1;
			productRefGroup = F64613651E542BF0000373B1 /* Products */;
			projectDirPath = "";
			projectRoot = "";
			targets = (
				F64613631E542BF0000373B1 /* AVFoundationCamera */,
			);
		};
/* End PBXProject section */

/* Begin PBXResourcesBuildPhase section */
		F64613621E542BF0000373B1 /* Resources */ = {
			isa = PBXResourcesBuildPhase;
			buildActionMask = 2147483647;
			files = (
				F64613721E542BF0000373B1 /* LaunchScreen.storyboard in Resources */,
				F646136F1E542BF0000373B1 /* Assets.xcassets in Resources */,
				F646136D1E542BF0000373B1 /* Main.storyboard in Resources */,
			);
			runOnlyForDeploymentPostprocessing = 0;
		};
/* End PBXResourcesBuildPhase section */

/* Begin PBXSourcesBuildPhase section */
		F64613601E542BF0000373B1 /* Sources */ = {
			isa = PBXSourcesBuildPhase;
			buildActionMask = 2147483647;
			files = (
				F646136A1E542BF0000373B1 /* ViewController.swift in Sources */,
				F64613681E542BF0000373B1 /* AppDelegate.swift in Sources */,
			);
			runOnlyForDeploymentPostprocessing = 0;
		};
/* End PBXSourcesBuildPhase section */

/* Begin PBXVariantGroup section */
		F646136B1E542BF0000373B1 /* Main.storyboard */ = {
			isa = PBXVariantGroup;
			children = (
				F646136C1E542BF0000373B1 /* Base */,
			);
			name = Main.storyboard;
			sourceTree = "<group>";
		};
		F64613701E542BF0000373B1 /* LaunchScreen.storyboard */ = {
			isa = PBXVariantGroup;
			children = (
				F64613711E542BF0000373B1 /* Base */,
			);
			name = LaunchScreen.storyboard;
			sourceTree = "<group>";
		};
/* End PBXVariantGroup section */

/* Begin XCBuildConfiguration section */
		F64613741E542BF0000373B1 /* Debug */ = {
			isa = XCBuildConfiguration;
			buildSettings = {
				ALWAYS_SEARCH_USER_PATHS = NO;
				CLANG_ANALYZER_NONNULL = YES;
				CLANG_CXX_LANGUAGE_STANDARD = "gnu++0x";
				CLANG_CXX_LIBRARY = "libc++";
				CLANG_ENABLE_MODULES = YES;
				CLANG_ENABLE_OBJC_ARC = YES;
				CLANG_WARN_BOOL_CONVERSION = YES;
				CLANG_WARN_CONSTANT_CONVERSION = YES;
				CLANG_WARN_DIRECT_OBJC_ISA_USAGE = YES_ERROR;
				CLANG_WARN_DOCUMENTATION_COMMENTS = YES;
				CLANG_WARN_EMPTY_BODY = YES;
				CLANG_WARN_ENUM_CONVERSION = YES;
				CLANG_WARN_INFINITE_RECURSION = YES;
				CLANG_WARN_INT_CONVERSION = YES;
				CLANG_WARN_OBJC_ROOT_CLASS = YES_ERROR;
				CLANG_WARN_SUSPICIOUS_MOVE = YES;
				CLANG_WARN_UNREACHABLE_CODE = YES;
				CLANG_WARN__DUPLICATE_METHOD_MATCH = YES;
				"CODE_SIGN_IDENTITY[sdk=iphoneos*]" = "iPhone Developer";
				COPY_PHASE_STRIP = NO;
				DEBUG_INFORMATION_FORMAT = dwarf;
				ENABLE_STRICT_OBJC_MSGSEND = YES;
				ENABLE_TESTABILITY = YES;
				GCC_C_LANGUAGE_STANDARD = gnu99;
				GCC_DYNAMIC_NO_PIC = NO;
				GCC_NO_COMMON_BLOCKS = YES;
				GCC_OPTIMIZATION_LEVEL = 0;
				GCC_PREPROCESSOR_DEFINITIONS = (
					"DEBUG=1",
					"$(inherited)",
				);
				GCC_WARN_64_TO_32_BIT_CONVERSION = YES;
				GCC_WARN_ABOUT_RETURN_TYPE = YES_ERROR;
				GCC_WARN_UNDECLARED_SELECTOR = YES;
				GCC_WARN_UNINITIALIZED_AUTOS = YES_AGGRESSIVE;
				GCC_WARN_UNUSED_FUNCTION = YES;
				GCC_WARN_UNUSED_VARIABLE = YES;
				IPHONEOS_DEPLOYMENT_TARGET = 10.2;
				MTL_ENABLE_DEBUG_INFO = YES;
				ONLY_ACTIVE_ARCH = YES;
				SDKROOT = iphoneos;
				SWIFT_ACTIVE_COMPILATION_CONDITIONS = DEBUG;
				SWIFT_OPTIMIZATION_LEVEL = "-Onone";
				TARGETED_DEVICE_FAMILY = "1,2";
			};
			name = Debug;
		};
		F64613751E542BF0000373B1 /* Release */ = {
			isa = XCBuildConfiguration;
			buildSettings = {
				ALWAYS_SEARCH_USER_PATHS = NO;
				CLANG_ANALYZER_NONNULL = YES;
				CLANG_CXX_LANGUAGE_STANDARD = "gnu++0x";
				CLANG_CXX_LIBRARY = "libc++";
				CLANG_ENABLE_MODULES = YES;
				CLANG_ENABLE_OBJC_ARC = YES;
				CLANG_WARN_BOOL_CONVERSION = YES;
				CLANG_WARN_CONSTANT_CONVERSION = YES;
				CLANG_WARN_DIRECT_OBJC_ISA_USAGE = YES_ERROR;
				CLANG_WARN_DOCUMENTATION_COMMENTS = YES;
				CLANG_WARN_EMPTY_BODY = YES;
				CLANG_WARN_ENUM_CONVERSION = YES;
				CLANG_WARN_INFINITE_RECURSION = YES;
				CLANG_WARN_INT_CONVERSION = YES;
				CLANG_WARN_OBJC_ROOT_CLASS = YES_ERROR;
				CLANG_WARN_SUSPICIOUS_MOVE = YES;
				CLANG_WARN_UNREACHABLE_CODE = YES;
				CLANG_WARN__DUPLICATE_METHOD_MATCH = YES;
				"CODE_SIGN_IDENTITY[sdk=iphoneos*]" = "iPhone Developer";
				COPY_PHASE_STRIP = NO;
				DEBUG_INFORMATION_FORMAT = "dwarf-with-dsym";
				ENABLE_NS_ASSERTIONS = NO;
				ENABLE_STRICT_OBJC_MSGSEND = YES;
				GCC_C_LANGUAGE_STANDARD = gnu99;
				GCC_NO_COMMON_BLOCKS = YES;
				GCC_WARN_64_TO_32_BIT_CONVERSION = YES;
				GCC_WARN_ABOUT_RETURN_TYPE = YES_ERROR;
				GCC_WARN_UNDECLARED_SELECTOR = YES;
				GCC_WARN_UNINITIALIZED_AUTOS = YES_AGGRESSIVE;
				GCC_WARN_UNUSED_FUNCTION = YES;
				GCC_WARN_UNUSED_VARIABLE = YES;
				IPHONEOS_DEPLOYMENT_TARGET = 10.2;
				MTL_ENABLE_DEBUG_INFO = NO;
				SDKROOT = iphoneos;
				SWIFT_OPTIMIZATION_LEVEL = "-Owholemodule";
				TARGETED_DEVICE_FAMILY = "1,2";
				VALIDATE_PRODUCT = YES;
			};
			name = Release;
		};
		F64613771E542BF0000373B1 /* Debug */ = {
			isa = XCBuildConfiguration;
			buildSettings = {
				ASSETCATALOG_COMPILER_APPICON_NAME = AppIcon;
				DEVELOPMENT_TEAM = B4H68AX2CQ;
				INFOPLIST_FILE = AVFoundationCamera/Info.plist;
				IPHONEOS_DEPLOYMENT_TARGET = 8.0;
				LD_RUNPATH_SEARCH_PATHS = "$(inherited) @executable_path/Frameworks";
				PRODUCT_BUNDLE_IDENTIFIER = com.windward.AVFoundationCamera;
				PRODUCT_NAME = "$(TARGET_NAME)";
				SWIFT_VERSION = 3.0;
			};
			name = Debug;
		};
		F64613781E542BF0000373B1 /* Release */ = {
			isa = XCBuildConfiguration;
			buildSettings = {
				ASSETCATALOG_COMPILER_APPICON_NAME = AppIcon;
				DEVELOPMENT_TEAM = B4H68AX2CQ;
				INFOPLIST_FILE = AVFoundationCamera/Info.plist;
				IPHONEOS_DEPLOYMENT_TARGET = 8.0;
				LD_RUNPATH_SEARCH_PATHS = "$(inherited) @executable_path/Frameworks";
				PRODUCT_BUNDLE_IDENTIFIER = com.windward.AVFoundationCamera;
				PRODUCT_NAME = "$(TARGET_NAME)";
				SWIFT_VERSION = 3.0;
			};
			name = Release;
		};
/* End XCBuildConfiguration section */

/* Begin XCConfigurationList section */
		F646135F1E542BEF000373B1 /* Build configuration list for PBXProject "AVFoundationCamera" */ = {
			isa = XCConfigurationList;
			buildConfigurations = (
				F64613741E542BF0000373B1 /* Debug */,
				F64613751E542BF0000373B1 /* Release */,
			);
			defaultConfigurationIsVisible = 0;
			defaultConfigurationName = Release;
		};
		F64613761E542BF0000373B1 /* Build configuration list for PBXNativeTarget "AVFoundationCamera" */ = {
			isa = XCConfigurationList;
			buildConfigurations = (
				F64613771E542BF0000373B1 /* Debug */,
				F64613781E542BF0000373B1 /* Release */,
			);
			defaultConfigurationIsVisible = 0;
		};
/* End XCConfigurationList section */
	};
	rootObject = F646135C1E542BEF000373B1 /* Project object */;
}
