// !$*UTF8*$!
{
	archiveVersion = 1;
	classes = {
	};
	objectVersion = 46;
	objects = {

/* Begin PBXBuildFile section */
		F6FD73821E31FAFF00898F79 /* AppDelegate.swift in Sources */ = {isa = PBXBuildFile; fileRef = F6FD73811E31FAFF00898F79 /* AppDelegate.swift */; };
		F6FD73841E31FAFF00898F79 /* ViewController.swift in Sources */ = {isa = PBXBuildFile; fileRef = F6FD73831E31FAFF00898F79 /* ViewController.swift */; };
		F6FD73871E31FAFF00898F79 /* Main.storyboard in Resources */ = {isa = PBXBuildFile; fileRef = F6FD73851E31FAFF00898F79 /* Main.storyboard */; };
		F6FD73891E31FAFF00898F79 /* Assets.xcassets in Resources */ = {isa = PBXBuildFile; fileRef = F6FD73881E31FAFF00898F79 /* Assets.xcassets */; };
		F6FD738C1E31FAFF00898F79 /* LaunchScreen.storyboard in Resources */ = {isa = PBXBuildFile; fileRef = F6FD738A1E31FAFF00898F79 /* LaunchScreen.storyboard */; };
		F6FD73951E31FB6000898F79 /* videoRing.caf in Resources */ = {isa = PBXBuildFile; fileRef = F6FD73941E31FB6000898F79 /* videoRing.caf */; };
		F6FD73981E31FBA900898F79 /* AudioToolbox.framework in Frameworks */ = {isa = PBXBuildFile; fileRef = F6FD73971E31FBA900898F79 /* AudioToolbox.framework */; };
/* End PBXBuildFile section */

/* Begin PBXFileReference section */
		F6FD737E1E31FAFF00898F79 /* Audio.app */ = {isa = PBXFileReference; explicitFileType = wrapper.application; includeInIndex = 0; path = Audio.app; sourceTree = BUILT_PRODUCTS_DIR; };
		F6FD73811E31FAFF00898F79 /* AppDelegate.swift */ = {isa = PBXFileReference; lastKnownFileType = sourcecode.swift; path = AppDelegate.swift; sourceTree = "<group>"; };
		F6FD73831E31FAFF00898F79 /* ViewController.swift */ = {isa = PBXFileReference; lastKnownFileType = sourcecode.swift; path = ViewController.swift; sourceTree = "<group>"; };
		F6FD73861E31FAFF00898F79 /* Base */ = {isa = PBXFileReference; lastKnownFileType = file.storyboard; name = Base; path = Base.lproj/Main.storyboard; sourceTree = "<group>"; };
		F6FD73881E31FAFF00898F79 /* Assets.xcassets */ = {isa = PBXFileReference; lastKnownFileType = folder.assetcatalog; path = Assets.xcassets; sourceTree = "<group>"; };
		F6FD738B1E31FAFF00898F79 /* Base */ = {isa = PBXFileReference; lastKnownFileType = file.storyboard; name = Base; path = Base.lproj/LaunchScreen.storyboard; sourceTree = "<group>"; };
		F6FD738D1E31FAFF00898F79 /* Info.plist */ = {isa = PBXFileReference; lastKnownFileType = text.plist.xml; path = Info.plist; sourceTree = "<group>"; };
		F6FD73941E31FB6000898F79 /* videoRing.caf */ = {isa = PBXFileReference; lastKnownFileType = file; path = videoRing.caf; sourceTree = "<group>"; };
		F6FD73971E31FBA900898F79 /* AudioToolbox.framework */ = {isa = PBXFileReference; lastKnownFileType = wrapper.framework; name = AudioToolbox.framework; path = System/Library/Frameworks/AudioToolbox.framework; sourceTree = SDKROOT; };
/* End PBXFileReference section */

/* Begin PBXFrameworksBuildPhase section */
		F6FD737B1E31FAFF00898F79 /* Frameworks */ = {
			isa = PBXFrameworksBuildPhase;
			buildActionMask = 2147483647;
			files = (
				F6FD73981E31FBA900898F79 /* AudioToolbox.framework in Frameworks */,
			);
			runOnlyForDeploymentPostprocessing = 0;
		};
/* End PBXFrameworksBuildPhase section */

/* Begin PBXGroup section */
		F6FD73751E31FAFF00898F79 = {
			isa = PBXGroup;
			children = (
				F6FD73801E31FAFF00898F79 /* Audio */,
				F6FD737F1E31FAFF00898F79 /* Products */,
				F6FD73961E31FBA800898F79 /* Frameworks */,
			);
			sourceTree = "<group>";
		};
		F6FD737F1E31FAFF00898F79 /* Products */ = {
			isa = PBXGroup;
			children = (
				F6FD737E1E31FAFF00898F79 /* Audio.app */,
			);
			name = Products;
			sourceTree = "<group>";
		};
		F6FD73801E31FAFF00898F79 /* Audio */ = {
			isa = PBXGroup;
			children = (
				F6FD73931E31FB6000898F79 /* Resources */,
				F6FD73811E31FAFF00898F79 /* AppDelegate.swift */,
				F6FD73831E31FAFF00898F79 /* ViewController.swift */,
				F6FD73851E31FAFF00898F79 /* Main.storyboard */,
				F6FD73881E31FAFF00898F79 /* Assets.xcassets */,
				F6FD738A1E31FAFF00898F79 /* LaunchScreen.storyboard */,
				F6FD738D1E31FAFF00898F79 /* Info.plist */,
			);
			path = Audio;
			sourceTree = "<group>";
		};
		F6FD73931E31FB6000898F79 /* Resources */ = {
			isa = PBXGroup;
			children = (
				F6FD73941E31FB6000898F79 /* videoRing.caf */,
			);
			path = Resources;
			sourceTree = "<group>";
		};
		F6FD73961E31FBA800898F79 /* Frameworks */ = {
			isa = PBXGroup;
			children = (
				F6FD73971E31FBA900898F79 /* AudioToolbox.framework */,
			);
			name = Frameworks;
			sourceTree = "<group>";
		};
/* End PBXGroup section */

/* Begin PBXNativeTarget section */
		F6FD737D1E31FAFF00898F79 /* Audio */ = {
			isa = PBXNativeTarget;
			buildConfigurationList = F6FD73901E31FAFF00898F79 /* Build configuration list for PBXNativeTarget "Audio" */;
			buildPhases = (
				F6FD737A1E31FAFF00898F79 /* Sources */,
				F6FD737B1E31FAFF00898F79 /* Frameworks */,
				F6FD737C1E31FAFF00898F79 /* Resources */,
			);
			buildRules = (
			);
			dependencies = (
			);
			name = Audio;
			productName = Audio;
			productReference = F6FD737E1E31FAFF00898F79 /* Audio.app */;
			productType = "com.apple.product-type.application";
		};
/* End PBXNativeTarget section */

/* Begin PBXProject section */
		F6FD73761E31FAFF00898F79 /* Project object */ = {
			isa = PBXProject;
			attributes = {
				LastSwiftUpdateCheck = 0820;
				LastUpgradeCheck = 0820;
				ORGANIZATIONNAME = choice;
				TargetAttributes = {
					F6FD737D1E31FAFF00898F79 = {
						CreatedOnToolsVersion = 8.2.1;
						DevelopmentTeam = B4H68AX2CQ;
						ProvisioningStyle = Automatic;
					};
				};
			};
			buildConfigurationList = F6FD73791E31FAFF00898F79 /* Build configuration list for PBXProject "Audio" */;
			compatibilityVersion = "Xcode 3.2";
			developmentRegion = English;
			hasScannedForEncodings = 0;
			knownRegions = (
				en,
				Base,
			);
			mainGroup = F6FD73751E31FAFF00898F79;
			productRefGroup = F6FD737F1E31FAFF00898F79 /* Products */;
			projectDirPath = "";
			projectRoot = "";
			targets = (
				F6FD737D1E31FAFF00898F79 /* Audio */,
			);
		};
/* End PBXProject section */

/* Begin PBXResourcesBuildPhase section */
		F6FD737C1E31FAFF00898F79 /* Resources */ = {
			isa = PBXResourcesBuildPhase;
			buildActionMask = 2147483647;
			files = (
				F6FD73951E31FB6000898F79 /* videoRing.caf in Resources */,
				F6FD738C1E31FAFF00898F79 /* LaunchScreen.storyboard in Resources */,
				F6FD73891E31FAFF00898F79 /* Assets.xcassets in Resources */,
				F6FD73871E31FAFF00898F79 /* Main.storyboard in Resources */,
			);
			runOnlyForDeploymentPostprocessing = 0;
		};
/* End PBXResourcesBuildPhase section */

/* Begin PBXSourcesBuildPhase section */
		F6FD737A1E31FAFF00898F79 /* Sources */ = {
			isa = PBXSourcesBuildPhase;
			buildActionMask = 2147483647;
			files = (
				F6FD73841E31FAFF00898F79 /* ViewController.swift in Sources */,
				F6FD73821E31FAFF00898F79 /* AppDelegate.swift in Sources */,
			);
			runOnlyForDeploymentPostprocessing = 0;
		};
/* End PBXSourcesBuildPhase section */

/* Begin PBXVariantGroup section */
		F6FD73851E31FAFF00898F79 /* Main.storyboard */ = {
			isa = PBXVariantGroup;
			children = (
				F6FD73861E31FAFF00898F79 /* Base */,
			);
			name = Main.storyboard;
			sourceTree = "<group>";
		};
		F6FD738A1E31FAFF00898F79 /* LaunchScreen.storyboard */ = {
			isa = PBXVariantGroup;
			children = (
				F6FD738B1E31FAFF00898F79 /* Base */,
			);
			name = LaunchScreen.storyboard;
			sourceTree = "<group>";
		};
/* End PBXVariantGroup section */

/* Begin XCBuildConfiguration section */
		F6FD738E1E31FAFF00898F79 /* Debug */ = {
			isa = XCBuildConfiguration;
			buildSettings = {
				ALWAYS_SEARCH_USER_PATHS = NO;
				CLANG_ANALYZER_NONNULL = YES;
				CLANG_CXX_LANGUAGE_STANDARD = "gnu++0x";
				CLANG_CXX_LIBRARY = "libc++";
				CLANG_ENABLE_MODULES = YES;
				CLANG_ENABLE_OBJC_ARC = YES;
				CLANG_WARN_BOOL_CONVERSION = YES;
				CLANG_WARN_CONSTANT_CONVERSION = YES;
				CLANG_WARN_DIRECT_OBJC_ISA_USAGE = YES_ERROR;
				CLANG_WARN_DOCUMENTATION_COMMENTS = YES;
				CLANG_WARN_EMPTY_BODY = YES;
				CLANG_WARN_ENUM_CONVERSION = YES;
				CLANG_WARN_INFINITE_RECURSION = YES;
				CLANG_WARN_INT_CONVERSION = YES;
				CLANG_WARN_OBJC_ROOT_CLASS = YES_ERROR;
				CLANG_WARN_SUSPICIOUS_MOVE = YES;
				CLANG_WARN_UNREACHABLE_CODE = YES;
				CLANG_WARN__DUPLICATE_METHOD_MATCH = YES;
				"CODE_SIGN_IDENTITY[sdk=iphoneos*]" = "iPhone Developer";
				COPY_PHASE_STRIP = NO;
				DEBUG_INFORMATION_FORMAT = dwarf;
				ENABLE_STRICT_OBJC_MSGSEND = YES;
				ENABLE_TESTABILITY = YES;
				GCC_C_LANGUAGE_STANDARD = gnu99;
				GCC_DYNAMIC_NO_PIC = NO;
				GCC_NO_COMMON_BLOCKS = YES;
				GCC_OPTIMIZATION_LEVEL = 0;
				GCC_PREPROCESSOR_DEFINITIONS = (
					"DEBUG=1",
					"$(inherited)",
				);
				GCC_WARN_64_TO_32_BIT_CONVERSION = YES;
				GCC_WARN_ABOUT_RETURN_TYPE = YES_ERROR;
				GCC_WARN_UNDECLARED_SELECTOR = YES;
				GCC_WARN_UNINITIALIZED_AUTOS = YES_AGGRESSIVE;
				GCC_WARN_UNUSED_FUNCTION = YES;
				GCC_WARN_UNUSED_VARIABLE = YES;
				IPHONEOS_DEPLOYMENT_TARGET = 10.2;
				MTL_ENABLE_DEBUG_INFO = YES;
				ONLY_ACTIVE_ARCH = YES;
				SDKROOT = iphoneos;
				SWIFT_ACTIVE_COMPILATION_CONDITIONS = DEBUG;
				SWIFT_OPTIMIZATION_LEVEL = "-Onone";
				TARGETED_DEVICE_FAMILY = "1,2";
			};
			name = Debug;
		};
		F6FD738F1E31FAFF00898F79 /* Release */ = {
			isa = XCBuildConfiguration;
			buildSettings = {
				ALWAYS_SEARCH_USER_PATHS = NO;
				CLANG_ANALYZER_NONNULL = YES;
				CLANG_CXX_LANGUAGE_STANDARD = "gnu++0x";
				CLANG_CXX_LIBRARY = "libc++";
				CLANG_ENABLE_MODULES = YES;
				CLANG_ENABLE_OBJC_ARC = YES;
				CLANG_WARN_BOOL_CONVERSION = YES;
				CLANG_WARN_CONSTANT_CONVERSION = YES;
				CLANG_WARN_DIRECT_OBJC_ISA_USAGE = YES_ERROR;
				CLANG_WARN_DOCUMENTATION_COMMENTS = YES;
				CLANG_WARN_EMPTY_BODY = YES;
				CLANG_WARN_ENUM_CONVERSION = YES;
				CLANG_WARN_INFINITE_RECURSION = YES;
				CLANG_WARN_INT_CONVERSION = YES;
				CLANG_WARN_OBJC_ROOT_CLASS = YES_ERROR;
				CLANG_WARN_SUSPICIOUS_MOVE = YES;
				CLANG_WARN_UNREACHABLE_CODE = YES;
				CLANG_WARN__DUPLICATE_METHOD_MATCH = YES;
				"CODE_SIGN_IDENTITY[sdk=iphoneos*]" = "iPhone Developer";
				COPY_PHASE_STRIP = NO;
				DEBUG_INFORMATION_FORMAT = "dwarf-with-dsym";
				ENABLE_NS_ASSERTIONS = NO;
				ENABLE_STRICT_OBJC_MSGSEND = YES;
				GCC_C_LANGUAGE_STANDARD = gnu99;
				GCC_NO_COMMON_BLOCKS = YES;
				GCC_WARN_64_TO_32_BIT_CONVERSION = YES;
				GCC_WARN_ABOUT_RETURN_TYPE = YES_ERROR;
				GCC_WARN_UNDECLARED_SELECTOR = YES;
				GCC_WARN_UNINITIALIZED_AUTOS = YES_AGGRESSIVE;
				GCC_WARN_UNUSED_FUNCTION = YES;
				GCC_WARN_UNUSED_VARIABLE = YES;
				IPHONEOS_DEPLOYMENT_TARGET = 10.2;
				MTL_ENABLE_DEBUG_INFO = NO;
				SDKROOT = iphoneos;
				SWIFT_OPTIMIZATION_LEVEL = "-Owholemodule";
				TARGETED_DEVICE_FAMILY = "1,2";
				VALIDATE_PRODUCT = YES;
			};
			name = Release;
		};
		F6FD73911E31FAFF00898F79 /* Debug */ = {
			isa = XCBuildConfiguration;
			buildSettings = {
				ASSETCATALOG_COMPILER_APPICON_NAME = AppIcon;
				DEVELOPMENT_TEAM = B4H68AX2CQ;
				INFOPLIST_FILE = Audio/Info.plist;
				LD_RUNPATH_SEARCH_PATHS = "$(inherited) @executable_path/Frameworks";
				PRODUCT_BUNDLE_IDENTIFIER = com.windward.Audio;
				PRODUCT_NAME = "$(TARGET_NAME)";
				SWIFT_VERSION = 3.0;
			};
			name = Debug;
		};
		F6FD73921E31FAFF00898F79 /* Release */ = {
			isa = XCBuildConfiguration;
			buildSettings = {
				ASSETCATALOG_COMPILER_APPICON_NAME = AppIcon;
				DEVELOPMENT_TEAM = B4H68AX2CQ;
				INFOPLIST_FILE = Audio/Info.plist;
				LD_RUNPATH_SEARCH_PATHS = "$(inherited) @executable_path/Frameworks";
				PRODUCT_BUNDLE_IDENTIFIER = com.windward.Audio;
				PRODUCT_NAME = "$(TARGET_NAME)";
				SWIFT_VERSION = 3.0;
			};
			name = Release;
		};
/* End XCBuildConfiguration section */

/* Begin XCConfigurationList section */
		F6FD73791E31FAFF00898F79 /* Build configuration list for PBXProject "Audio" */ = {
			isa = XCConfigurationList;
			buildConfigurations = (
				F6FD738E1E31FAFF00898F79 /* Debug */,
				F6FD738F1E31FAFF00898F79 /* Release */,
			);
			defaultConfigurationIsVisible = 0;
			defaultConfigurationName = Release;
		};
		F6FD73901E31FAFF00898F79 /* Build configuration list for PBXNativeTarget "Audio" */ = {
			isa = XCConfigurationList;
			buildConfigurations = (
				F6FD73911E31FAFF00898F79 /* Debug */,
				F6FD73921E31FAFF00898F79 /* Release */,
			);
			defaultConfigurationIsVisible = 0;
		};
/* End XCConfigurationList section */
	};
	rootObject = F6FD73761E31FAFF00898F79 /* Project object */;
}
